
Microsoft Visual Studio Solution File, Format Version 12.00
# Visual Studio 15
VisualStudioVersion = 15.0.27703.2042
MinimumVisualStudioVersion = 10.0.40219.1
Project("{FAE04EC0-301F-11D3-BF4B-00C04F79EFBC}") = "MarvelHeroes.Android", "MarvelHeroes\MarvelHeroes.Android\MarvelHeroes.Android.csproj", "{117EC212-5A45-45CD-A971-975517209B02}"
EndProject
Project("{FAE04EC0-301F-11D3-BF4B-00C04F79EFBC}") = "MarvelHeroes.iOS", "MarvelHeroes\MarvelHeroes.iOS\MarvelHeroes.iOS.csproj", "{8A9216B6-5ED7-4F8D-8A2E-57A574D5318B}"
EndProject
Project("{FAE04EC0-301F-11D3-BF4B-00C04F79EFBC}") = "MarvelHeroes", "MarvelHeroes\MarvelHeroes\MarvelHeroes.csproj", "{33F3385B-B8CE-42A6-905B-FBB2439FDDB0}"
EndProject
Project("{FAE04EC0-301F-11D3-BF4B-00C04F79EFBC}") = "MarvelHeroes.Core", "MarvelHeroes.Core\MarvelHeroes.Core.csproj", "{8D774590-455F-4C4A-81CC-D39D45060C70}"
EndProject
Project("{2150E333-8FDC-42A3-9474-1A3956D46DE8}") = "0 - Core", "0 - Core", "{6E028B1F-8D45-4842-BAE4-9DAAE642AFCD}"
EndProject
Project("{2150E333-8FDC-42A3-9474-1A3956D46DE8}") = "2 - Infraestructure", "2 - Infraestructure", "{FE13883B-2570-4807-8A78-9C477BB83C21}"
EndProject
Project("{2150E333-8FDC-42A3-9474-1A3956D46DE8}") = "1 - Application", "1 - Application", "{5A7F6B11-D5A0-4BA7-A076-FCB0DEEF0C95}"
EndProject
Project("{2150E333-8FDC-42A3-9474-1A3956D46DE8}") = "3 - Entrypoints", "3 - Entrypoints", "{6F3885B5-02FD-4F57-845F-48B454AA5CB3}"
EndProject
Project("{FAE04EC0-301F-11D3-BF4B-00C04F79EFBC}") = "MarvelHeros.Xamarin.Infraestructure", "MarvelHeros.Xamarin.Infraestructure\MarvelHeros.Xamarin.Infraestructure.csproj", "{60560E5A-26AF-4EDB-9E99-08297BEEBABE}"
EndProject
Global
	GlobalSection(SolutionConfigurationPlatforms) = preSolution
		Ad-Hoc|Any CPU = Ad-Hoc|Any CPU
		Ad-Hoc|iPhone = Ad-Hoc|iPhone
		Ad-Hoc|iPhoneSimulator = Ad-Hoc|iPhoneSimulator
		AppStore|Any CPU = AppStore|Any CPU
		AppStore|iPhone = AppStore|iPhone
		AppStore|iPhoneSimulator = AppStore|iPhoneSimulator
		Debug|Any CPU = Debug|Any CPU
		Debug|iPhone = Debug|iPhone
		Debug|iPhoneSimulator = Debug|iPhoneSimulator
		Release|Any CPU = Release|Any CPU
		Release|iPhone = Release|iPhone
		Release|iPhoneSimulator = Release|iPhoneSimulator
	EndGlobalSection
	GlobalSection(ProjectConfigurationPlatforms) = postSolution
		{117EC212-5A45-45CD-A971-975517209B02}.Ad-Hoc|Any CPU.ActiveCfg = Release|Any CPU
		{117EC212-5A45-45CD-A971-975517209B02}.Ad-Hoc|Any CPU.Build.0 = Release|Any CPU
		{117EC212-5A45-45CD-A971-975517209B02}.Ad-Hoc|Any CPU.Deploy.0 = Release|Any CPU
		{117EC212-5A45-45CD-A971-975517209B02}.Ad-Hoc|iPhone.ActiveCfg = Release|Any CPU
		{117EC212-5A45-45CD-A971-975517209B02}.Ad-Hoc|iPhone.Build.0 = Release|Any CPU
		{117EC212-5A45-45CD-A971-975517209B02}.Ad-Hoc|iPhone.Deploy.0 = Release|Any CPU
		{117EC212-5A45-45CD-A971-975517209B02}.Ad-Hoc|iPhoneSimulator.ActiveCfg = Release|Any CPU
		{117EC212-5A45-45CD-A971-975517209B02}.Ad-Hoc|iPhoneSimulator.Build.0 = Release|Any CPU
		{117EC212-5A45-45CD-A971-975517209B02}.Ad-Hoc|iPhoneSimulator.Deploy.0 = Release|Any CPU
		{117EC212-5A45-45CD-A971-975517209B02}.AppStore|Any CPU.ActiveCfg = Release|Any CPU
		{117EC212-5A45-45CD-A971-975517209B02}.AppStore|Any CPU.Build.0 = Release|Any CPU
		{117EC212-5A45-45CD-A971-975517209B02}.AppStore|Any CPU.Deploy.0 = Release|Any CPU
		{117EC212-5A45-45CD-A971-975517209B02}.AppStore|iPhone.ActiveCfg = Release|Any CPU
		{117EC212-5A45-45CD-A971-975517209B02}.AppStore|iPhone.Build.0 = Release|Any CPU
		{117EC212-5A45-45CD-A971-975517209B02}.AppStore|iPhone.Deploy.0 = Release|Any CPU
		{117EC212-5A45-45CD-A971-975517209B02}.AppStore|iPhoneSimulator.ActiveCfg = Release|Any CPU
		{117EC212-5A45-45CD-A971-975517209B02}.AppStore|iPhoneSimulator.Build.0 = Release|Any CPU
		{117EC212-5A45-45CD-A971-975517209B02}.AppStore|iPhoneSimulator.Deploy.0 = Release|Any CPU
		{117EC212-5A45-45CD-A971-975517209B02}.Debug|Any CPU.ActiveCfg = Debug|Any CPU
		{117EC212-5A45-45CD-A971-975517209B02}.Debug|Any CPU.Build.0 = Debug|Any CPU
		{117EC212-5A45-45CD-A971-975517209B02}.Debug|Any CPU.Deploy.0 = Debug|Any CPU
		{117EC212-5A45-45CD-A971-975517209B02}.Debug|iPhone.ActiveCfg = Debug|Any CPU
		{117EC212-5A45-45CD-A971-975517209B02}.Debug|iPhone.Build.0 = Debug|Any CPU
		{117EC212-5A45-45CD-A971-975517209B02}.Debug|iPhone.Deploy.0 = Debug|Any CPU
		{117EC212-5A45-45CD-A971-975517209B02}.Debug|iPhoneSimulator.ActiveCfg = Debug|Any CPU
		{117EC212-5A45-45CD-A971-975517209B02}.Debug|iPhoneSimulator.Build.0 = Debug|Any CPU
		{117EC212-5A45-45CD-A971-975517209B02}.Debug|iPhoneSimulator.Deploy.0 = Debug|Any CPU
		{117EC212-5A45-45CD-A971-975517209B02}.Release|Any CPU.ActiveCfg = Release|Any CPU
		{117EC212-5A45-45CD-A971-975517209B02}.Release|Any CPU.Build.0 = Release|Any CPU
		{117EC212-5A45-45CD-A971-975517209B02}.Release|Any CPU.Deploy.0 = Release|Any CPU
		{117EC212-5A45-45CD-A971-975517209B02}.Release|iPhone.ActiveCfg = Release|Any CPU
		{117EC212-5A45-45CD-A971-975517209B02}.Release|iPhone.Build.0 = Release|Any CPU
		{117EC212-5A45-45CD-A971-975517209B02}.Release|iPhone.Deploy.0 = Release|Any CPU
		{117EC212-5A45-45CD-A971-975517209B02}.Release|iPhoneSimulator.ActiveCfg = Release|Any CPU
		{117EC212-5A45-45CD-A971-975517209B02}.Release|iPhoneSimulator.Build.0 = Release|Any CPU
		{117EC212-5A45-45CD-A971-975517209B02}.Release|iPhoneSimulator.Deploy.0 = Release|Any CPU
		{8A9216B6-5ED7-4F8D-8A2E-57A574D5318B}.Ad-Hoc|Any CPU.ActiveCfg = Ad-Hoc|iPhone
		{8A9216B6-5ED7-4F8D-8A2E-57A574D5318B}.Ad-Hoc|Any CPU.Build.0 = Ad-Hoc|iPhone
		{8A9216B6-5ED7-4F8D-8A2E-57A574D5318B}.Ad-Hoc|Any CPU.Deploy.0 = Ad-Hoc|iPhone
		{8A9216B6-5ED7-4F8D-8A2E-57A574D5318B}.Ad-Hoc|iPhone.ActiveCfg = Ad-Hoc|iPhone
		{8A9216B6-5ED7-4F8D-8A2E-57A574D5318B}.Ad-Hoc|iPhone.Build.0 = Ad-Hoc|iPhone
		{8A9216B6-5ED7-4F8D-8A2E-57A574D5318B}.Ad-Hoc|iPhone.Deploy.0 = Ad-Hoc|iPhone
		{8A9216B6-5ED7-4F8D-8A2E-57A574D5318B}.Ad-Hoc|iPhoneSimulator.ActiveCfg = Ad-Hoc|iPhoneSimulator
		{8A9216B6-5ED7-4F8D-8A2E-57A574D5318B}.Ad-Hoc|iPhoneSimulator.Build.0 = Ad-Hoc|iPhoneSimulator
		{8A9216B6-5ED7-4F8D-8A2E-57A574D5318B}.Ad-Hoc|iPhoneSimulator.Deploy.0 = Ad-Hoc|iPhoneSimulator
		{8A9216B6-5ED7-4F8D-8A2E-57A574D5318B}.AppStore|Any CPU.ActiveCfg = AppStore|iPhone
		{8A9216B6-5ED7-4F8D-8A2E-57A574D5318B}.AppStore|Any CPU.Build.0 = AppStore|iPhone
		{8A9216B6-5ED7-4F8D-8A2E-57A574D5318B}.AppStore|Any CPU.Deploy.0 = AppStore|iPhone
		{8A9216B6-5ED7-4F8D-8A2E-57A574D5318B}.AppStore|iPhone.ActiveCfg = AppStore|iPhone
		{8A9216B6-5ED7-4F8D-8A2E-57A574D5318B}.AppStore|iPhone.Build.0 = AppStore|iPhone
		{8A9216B6-5ED7-4F8D-8A2E-57A574D5318B}.AppStore|iPhone.Deploy.0 = AppStore|iPhone
		{8A9216B6-5ED7-4F8D-8A2E-57A574D5318B}.AppStore|iPhoneSimulator.ActiveCfg = AppStore|iPhoneSimulator
		{8A9216B6-5ED7-4F8D-8A2E-57A574D5318B}.AppStore|iPhoneSimulator.Build.0 = AppStore|iPhoneSimulator
		{8A9216B6-5ED7-4F8D-8A2E-57A574D5318B}.AppStore|iPhoneSimulator.Deploy.0 = AppStore|iPhoneSimulator
		{8A9216B6-5ED7-4F8D-8A2E-57A574D5318B}.Debug|Any CPU.ActiveCfg = Debug|iPhoneSimulator
		{8A9216B6-5ED7-4F8D-8A2E-57A574D5318B}.Debug|Any CPU.Build.0 = Debug|iPhoneSimulator
		{8A9216B6-5ED7-4F8D-8A2E-57A574D5318B}.Debug|Any CPU.Deploy.0 = Debug|iPhoneSimulator
		{8A9216B6-5ED7-4F8D-8A2E-57A574D5318B}.Debug|iPhone.ActiveCfg = Debug|iPhone
		{8A9216B6-5ED7-4F8D-8A2E-57A574D5318B}.Debug|iPhone.Build.0 = Debug|iPhone
		{8A9216B6-5ED7-4F8D-8A2E-57A574D5318B}.Debug|iPhone.Deploy.0 = Debug|iPhone
		{8A9216B6-5ED7-4F8D-8A2E-57A574D5318B}.Debug|iPhoneSimulator.ActiveCfg = Debug|iPhoneSimulator
		{8A9216B6-5ED7-4F8D-8A2E-57A574D5318B}.Debug|iPhoneSimulator.Build.0 = Debug|iPhoneSimulator
		{8A9216B6-5ED7-4F8D-8A2E-57A574D5318B}.Debug|iPhoneSimulator.Deploy.0 = Debug|iPhoneSimulator
		{8A9216B6-5ED7-4F8D-8A2E-57A574D5318B}.Release|Any CPU.ActiveCfg = Release|iPhone
		{8A9216B6-5ED7-4F8D-8A2E-57A574D5318B}.Release|Any CPU.Build.0 = Release|iPhone
		{8A9216B6-5ED7-4F8D-8A2E-57A574D5318B}.Release|Any CPU.Deploy.0 = Release|iPhone
		{8A9216B6-5ED7-4F8D-8A2E-57A574D5318B}.Release|iPhone.ActiveCfg = Release|iPhone
		{8A9216B6-5ED7-4F8D-8A2E-57A574D5318B}.Release|iPhone.Build.0 = Release|iPhone
		{8A9216B6-5ED7-4F8D-8A2E-57A574D5318B}.Release|iPhone.Deploy.0 = Release|iPhone
		{8A9216B6-5ED7-4F8D-8A2E-57A574D5318B}.Release|iPhoneSimulator.ActiveCfg = Release|iPhoneSimulator
		{8A9216B6-5ED7-4F8D-8A2E-57A574D5318B}.Release|iPhoneSimulator.Build.0 = Release|iPhoneSimulator
		{8A9216B6-5ED7-4F8D-8A2E-57A574D5318B}.Release|iPhoneSimulator.Deploy.0 = Release|iPhoneSimulator
		{33F3385B-B8CE-42A6-905B-FBB2439FDDB0}.Ad-Hoc|Any CPU.ActiveCfg = Debug|Any CPU
		{33F3385B-B8CE-42A6-905B-FBB2439FDDB0}.Ad-Hoc|Any CPU.Build.0 = Debug|Any CPU
		{33F3385B-B8CE-42A6-905B-FBB2439FDDB0}.Ad-Hoc|Any CPU.Deploy.0 = Debug|Any CPU
		{33F3385B-B8CE-42A6-905B-FBB2439FDDB0}.Ad-Hoc|iPhone.ActiveCfg = Debug|Any CPU
		{33F3385B-B8CE-42A6-905B-FBB2439FDDB0}.Ad-Hoc|iPhone.Build.0 = Debug|Any CPU
		{33F3385B-B8CE-42A6-905B-FBB2439FDDB0}.Ad-Hoc|iPhone.Deploy.0 = Debug|Any CPU
		{33F3385B-B8CE-42A6-905B-FBB2439FDDB0}.Ad-Hoc|iPhoneSimulator.ActiveCfg = Debug|Any CPU
		{33F3385B-B8CE-42A6-905B-FBB2439FDDB0}.Ad-Hoc|iPhoneSimulator.Build.0 = Debug|Any CPU
		{33F3385B-B8CE-42A6-905B-FBB2439FDDB0}.Ad-Hoc|iPhoneSimulator.Deploy.0 = Debug|Any CPU
		{33F3385B-B8CE-42A6-905B-FBB2439FDDB0}.AppStore|Any CPU.ActiveCfg = Debug|Any CPU
		{33F3385B-B8CE-42A6-905B-FBB2439FDDB0}.AppStore|Any CPU.Build.0 = Debug|Any CPU
		{33F3385B-B8CE-42A6-905B-FBB2439FDDB0}.AppStore|Any CPU.Deploy.0 = Debug|Any CPU
		{33F3385B-B8CE-42A6-905B-FBB2439FDDB0}.AppStore|iPhone.ActiveCfg = Debug|Any CPU
		{33F3385B-B8CE-42A6-905B-FBB2439FDDB0}.AppStore|iPhone.Build.0 = Debug|Any CPU
		{33F3385B-B8CE-42A6-905B-FBB2439FDDB0}.AppStore|iPhone.Deploy.0 = Debug|Any CPU
		{33F3385B-B8CE-42A6-905B-FBB2439FDDB0}.AppStore|iPhoneSimulator.ActiveCfg = Debug|Any CPU
		{33F3385B-B8CE-42A6-905B-FBB2439FDDB0}.AppStore|iPhoneSimulator.Build.0 = Debug|Any CPU
		{33F3385B-B8CE-42A6-905B-FBB2439FDDB0}.AppStore|iPhoneSimulator.Deploy.0 = Debug|Any CPU
		{33F3385B-B8CE-42A6-905B-FBB2439FDDB0}.Debug|Any CPU.ActiveCfg = Debug|Any CPU
		{33F3385B-B8CE-42A6-905B-FBB2439FDDB0}.Debug|Any CPU.Build.0 = Debug|Any CPU
		{33F3385B-B8CE-42A6-905B-FBB2439FDDB0}.Debug|Any CPU.Deploy.0 = Debug|Any CPU
		{33F3385B-B8CE-42A6-905B-FBB2439FDDB0}.Debug|iPhone.ActiveCfg = Debug|Any CPU
		{33F3385B-B8CE-42A6-905B-FBB2439FDDB0}.Debug|iPhone.Build.0 = Debug|Any CPU
		{33F3385B-B8CE-42A6-905B-FBB2439FDDB0}.Debug|iPhone.Deploy.0 = Debug|Any CPU
		{33F3385B-B8CE-42A6-905B-FBB2439FDDB0}.Debug|iPhoneSimulator.ActiveCfg = Debug|Any CPU
		{33F3385B-B8CE-42A6-905B-FBB2439FDDB0}.Debug|iPhoneSimulator.Build.0 = Debug|Any CPU
		{33F3385B-B8CE-42A6-905B-FBB2439FDDB0}.Debug|iPhoneSimulator.Deploy.0 = Debug|Any CPU
		{33F3385B-B8CE-42A6-905B-FBB2439FDDB0}.Release|Any CPU.ActiveCfg = Release|Any CPU
		{33F3385B-B8CE-42A6-905B-FBB2439FDDB0}.Release|Any CPU.Build.0 = Release|Any CPU
		{33F3385B-B8CE-42A6-905B-FBB2439FDDB0}.Release|Any CPU.Deploy.0 = Release|Any CPU
		{33F3385B-B8CE-42A6-905B-FBB2439FDDB0}.Release|iPhone.ActiveCfg = Release|Any CPU
		{33F3385B-B8CE-42A6-905B-FBB2439FDDB0}.Release|iPhone.Build.0 = Release|Any CPU
		{33F3385B-B8CE-42A6-905B-FBB2439FDDB0}.Release|iPhone.Deploy.0 = Release|Any CPU
		{33F3385B-B8CE-42A6-905B-FBB2439FDDB0}.Release|iPhoneSimulator.ActiveCfg = Release|Any CPU
		{33F3385B-B8CE-42A6-905B-FBB2439FDDB0}.Release|iPhoneSimulator.Build.0 = Release|Any CPU
		{33F3385B-B8CE-42A6-905B-FBB2439FDDB0}.Release|iPhoneSimulator.Deploy.0 = Release|Any CPU
		{8D774590-455F-4C4A-81CC-D39D45060C70}.Ad-Hoc|Any CPU.ActiveCfg = Debug|Any CPU
		{8D774590-455F-4C4A-81CC-D39D45060C70}.Ad-Hoc|Any CPU.Build.0 = Debug|Any CPU
		{8D774590-455F-4C4A-81CC-D39D45060C70}.Ad-Hoc|iPhone.ActiveCfg = Debug|Any CPU
		{8D774590-455F-4C4A-81CC-D39D45060C70}.Ad-Hoc|iPhone.Build.0 = Debug|Any CPU
		{8D774590-455F-4C4A-81CC-D39D45060C70}.Ad-Hoc|iPhoneSimulator.ActiveCfg = Debug|Any CPU
		{8D774590-455F-4C4A-81CC-D39D45060C70}.Ad-Hoc|iPhoneSimulator.Build.0 = Debug|Any CPU
		{8D774590-455F-4C4A-81CC-D39D45060C70}.AppStore|Any CPU.ActiveCfg = Debug|Any CPU
		{8D774590-455F-4C4A-81CC-D39D45060C70}.AppStore|Any CPU.Build.0 = Debug|Any CPU
		{8D774590-455F-4C4A-81CC-D39D45060C70}.AppStore|iPhone.ActiveCfg = Debug|Any CPU
		{8D774590-455F-4C4A-81CC-D39D45060C70}.AppStore|iPhone.Build.0 = Debug|Any CPU
		{8D774590-455F-4C4A-81CC-D39D45060C70}.AppStore|iPhoneSimulator.ActiveCfg = Debug|Any CPU
		{8D774590-455F-4C4A-81CC-D39D45060C70}.AppStore|iPhoneSimulator.Build.0 = Debug|Any CPU
		{8D774590-455F-4C4A-81CC-D39D45060C70}.Debug|Any CPU.ActiveCfg = Debug|Any CPU
		{8D774590-455F-4C4A-81CC-D39D45060C70}.Debug|Any CPU.Build.0 = Debug|Any CPU
		{8D774590-455F-4C4A-81CC-D39D45060C70}.Debug|iPhone.ActiveCfg = Debug|Any CPU
		{8D774590-455F-4C4A-81CC-D39D45060C70}.Debug|iPhone.Build.0 = Debug|Any CPU
		{8D774590-455F-4C4A-81CC-D39D45060C70}.Debug|iPhoneSimulator.ActiveCfg = Debug|Any CPU
		{8D774590-455F-4C4A-81CC-D39D45060C70}.Debug|iPhoneSimulator.Build.0 = Debug|Any CPU
		{8D774590-455F-4C4A-81CC-D39D45060C70}.Release|Any CPU.ActiveCfg = Release|Any CPU
		{8D774590-455F-4C4A-81CC-D39D45060C70}.Release|Any CPU.Build.0 = Release|Any CPU
		{8D774590-455F-4C4A-81CC-D39D45060C70}.Release|iPhone.ActiveCfg = Release|Any CPU
		{8D774590-455F-4C4A-81CC-D39D45060C70}.Release|iPhone.Build.0 = Release|Any CPU
		{8D774590-455F-4C4A-81CC-D39D45060C70}.Release|iPhoneSimulator.ActiveCfg = Release|Any CPU
		{8D774590-455F-4C4A-81CC-D39D45060C70}.Release|iPhoneSimulator.Build.0 = Release|Any CPU
		{60560E5A-26AF-4EDB-9E99-08297BEEBABE}.Ad-Hoc|Any CPU.ActiveCfg = Debug|Any CPU
		{60560E5A-26AF-4EDB-9E99-08297BEEBABE}.Ad-Hoc|Any CPU.Build.0 = Debug|Any CPU
		{60560E5A-26AF-4EDB-9E99-08297BEEBABE}.Ad-Hoc|iPhone.ActiveCfg = Debug|Any CPU
		{60560E5A-26AF-4EDB-9E99-08297BEEBABE}.Ad-Hoc|iPhone.Build.0 = Debug|Any CPU
		{60560E5A-26AF-4EDB-9E99-08297BEEBABE}.Ad-Hoc|iPhoneSimulator.ActiveCfg = Debug|Any CPU
		{60560E5A-26AF-4EDB-9E99-08297BEEBABE}.Ad-Hoc|iPhoneSimulator.Build.0 = Debug|Any CPU
		{60560E5A-26AF-4EDB-9E99-08297BEEBABE}.AppStore|Any CPU.ActiveCfg = Debug|Any CPU
		{60560E5A-26AF-4EDB-9E99-08297BEEBABE}.AppStore|Any CPU.Build.0 = Debug|Any CPU
		{60560E5A-26AF-4EDB-9E99-08297BEEBABE}.AppStore|iPhone.ActiveCfg = Debug|Any CPU
		{60560E5A-26AF-4EDB-9E99-08297BEEBABE}.AppStore|iPhone.Build.0 = Debug|Any CPU
		{60560E5A-26AF-4EDB-9E99-08297BEEBABE}.AppStore|iPhoneSimulator.ActiveCfg = Debug|Any CPU
		{60560E5A-26AF-4EDB-9E99-08297BEEBABE}.AppStore|iPhoneSimulator.Build.0 = Debug|Any CPU
		{60560E5A-26AF-4EDB-9E99-08297BEEBABE}.Debug|Any CPU.ActiveCfg = Debug|Any CPU
		{60560E5A-26AF-4EDB-9E99-08297BEEBABE}.Debug|Any CPU.Build.0 = Debug|Any CPU
		{60560E5A-26AF-4EDB-9E99-08297BEEBABE}.Debug|iPhone.ActiveCfg = Debug|Any CPU
		{60560E5A-26AF-4EDB-9E99-08297BEEBABE}.Debug|iPhone.Build.0 = Debug|Any CPU
		{60560E5A-26AF-4EDB-9E99-08297BEEBABE}.Debug|iPhoneSimulator.ActiveCfg = Debug|Any CPU
		{60560E5A-26AF-4EDB-9E99-08297BEEBABE}.Debug|iPhoneSimulator.Build.0 = Debug|Any CPU
		{60560E5A-26AF-4EDB-9E99-08297BEEBABE}.Release|Any CPU.ActiveCfg = Release|Any CPU
		{60560E5A-26AF-4EDB-9E99-08297BEEBABE}.Release|Any CPU.Build.0 = Release|Any CPU
		{60560E5A-26AF-4EDB-9E99-08297BEEBABE}.Release|iPhone.ActiveCfg = Release|Any CPU
		{60560E5A-26AF-4EDB-9E99-08297BEEBABE}.Release|iPhone.Build.0 = Release|Any CPU
		{60560E5A-26AF-4EDB-9E99-08297BEEBABE}.Release|iPhoneSimulator.ActiveCfg = Release|Any CPU
		{60560E5A-26AF-4EDB-9E99-08297BEEBABE}.Release|iPhoneSimulator.Build.0 = Release|Any CPU
	EndGlobalSection
	GlobalSection(SolutionProperties) = preSolution
		HideSolutionNode = FALSE
	EndGlobalSection
	GlobalSection(NestedProjects) = preSolution
		{117EC212-5A45-45CD-A971-975517209B02} = {6F3885B5-02FD-4F57-845F-48B454AA5CB3}
		{8A9216B6-5ED7-4F8D-8A2E-57A574D5318B} = {6F3885B5-02FD-4F57-845F-48B454AA5CB3}
		{33F3385B-B8CE-42A6-905B-FBB2439FDDB0} = {5A7F6B11-D5A0-4BA7-A076-FCB0DEEF0C95}
		{8D774590-455F-4C4A-81CC-D39D45060C70} = {6E028B1F-8D45-4842-BAE4-9DAAE642AFCD}
		{60560E5A-26AF-4EDB-9E99-08297BEEBABE} = {FE13883B-2570-4807-8A78-9C477BB83C21}
	EndGlobalSection
	GlobalSection(ExtensibilityGlobals) = postSolution
		SolutionGuid = {46A863E9-A3FB-4ED4-B79F-76420D96BB7C}
	EndGlobalSection
EndGlobal
